
Microsoft Visual Studio Solution File, Format Version 12.00
# Visual Studio 2013
VisualStudioVersion = 12.0.40629.0
MinimumVisualStudioVersion = 10.0.40219.1
Project("{FAE04EC0-301F-11D3-BF4B-00C04F79EFBC}") = "VoiceCommand.Droid", "VoiceCommand\VoiceCommand.Droid\VoiceCommand.Droid.csproj", "{7A9C2C9D-9115-4299-B50B-6E51DBF2B6D4}"
EndProject
Project("{FAE04EC0-301F-11D3-BF4B-00C04F79EFBC}") = "VoiceCommand.iOS", "VoiceCommand\VoiceCommand.iOS\VoiceCommand.iOS.csproj", "{232C6105-972C-48E0-AAAD-23BEBF2AD9BB}"
EndProject
Project("{FAE04EC0-301F-11D3-BF4B-00C04F79EFBC}") = "VoiceCommand.WinPhone", "VoiceCommand\VoiceCommand.WinPhone\VoiceCommand.WinPhone.csproj", "{57EE83A0-74D9-4E38-97E7-DA8FACCB63F4}"
EndProject
Project("{FAE04EC0-301F-11D3-BF4B-00C04F79EFBC}") = "VoiceCommand", "VoiceCommand\VoiceCommand\VoiceCommand.csproj", "{362A2203-3545-4A28-B62F-2BF545575E54}"
EndProject
Project("{FAE04EC0-301F-11D3-BF4B-00C04F79EFBC}") = "VoiceCommand.Win", "VoiceCommand\VoiceCommand.Win\VoiceCommand.Win.csproj", "{20294500-6A21-4F44-9E48-45EE33FAD441}"
EndProject
Project("{2150E333-8FDC-42A3-9474-1A3956D46DE8}") = "Mobile", "Mobile", "{761658ED-38BD-4A55-9EA3-4A8C775EB420}"
EndProject
Project("{2150E333-8FDC-42A3-9474-1A3956D46DE8}") = "PC", "PC", "{CDCD193C-636F-4D51-A9AF-E4ACF518E924}"
EndProject
Project("{2150E333-8FDC-42A3-9474-1A3956D46DE8}") = "Lib", "Lib", "{06869877-C3CF-40B8-8283-5A47DEB69BCD}"
EndProject
Project("{8BC9CEB8-8B4A-11D0-8D11-00A0C91BC942}") = "testDll", "testDll\testDll.vcxproj", "{879FEC48-2DF1-4DD4-BFE4-8FD1972827A1}"
EndProject
Project("{FAE04EC0-301F-11D3-BF4B-00C04F79EFBC}") = "TestApp", "TestApp\TestApp.csproj", "{0246682E-98C8-47B2-9E30-E8953C9915D1}"
EndProject
Global
	GlobalSection(SolutionConfigurationPlatforms) = preSolution
		Ad-Hoc|Any CPU = Ad-Hoc|Any CPU
		Ad-Hoc|ARM = Ad-Hoc|ARM
		Ad-Hoc|iPhone = Ad-Hoc|iPhone
		Ad-Hoc|iPhoneSimulator = Ad-Hoc|iPhoneSimulator
		Ad-Hoc|Mixed Platforms = Ad-Hoc|Mixed Platforms
		Ad-Hoc|Win32 = Ad-Hoc|Win32
		Ad-Hoc|x64 = Ad-Hoc|x64
		Ad-Hoc|x86 = Ad-Hoc|x86
		AppStore|Any CPU = AppStore|Any CPU
		AppStore|ARM = AppStore|ARM
		AppStore|iPhone = AppStore|iPhone
		AppStore|iPhoneSimulator = AppStore|iPhoneSimulator
		AppStore|Mixed Platforms = AppStore|Mixed Platforms
		AppStore|Win32 = AppStore|Win32
		AppStore|x64 = AppStore|x64
		AppStore|x86 = AppStore|x86
		Debug|Any CPU = Debug|Any CPU
		Debug|ARM = Debug|ARM
		Debug|iPhone = Debug|iPhone
		Debug|iPhoneSimulator = Debug|iPhoneSimulator
		Debug|Mixed Platforms = Debug|Mixed Platforms
		Debug|Win32 = Debug|Win32
		Debug|x64 = Debug|x64
		Debug|x86 = Debug|x86
		Release|Any CPU = Release|Any CPU
		Release|ARM = Release|ARM
		Release|iPhone = Release|iPhone
		Release|iPhoneSimulator = Release|iPhoneSimulator
		Release|Mixed Platforms = Release|Mixed Platforms
		Release|Win32 = Release|Win32
		Release|x64 = Release|x64
		Release|x86 = Release|x86
	EndGlobalSection
	GlobalSection(ProjectConfigurationPlatforms) = postSolution
		{7A9C2C9D-9115-4299-B50B-6E51DBF2B6D4}.Ad-Hoc|Any CPU.ActiveCfg = Release|Any CPU
		{7A9C2C9D-9115-4299-B50B-6E51DBF2B6D4}.Ad-Hoc|Any CPU.Build.0 = Release|Any CPU
		{7A9C2C9D-9115-4299-B50B-6E51DBF2B6D4}.Ad-Hoc|Any CPU.Deploy.0 = Release|Any CPU
		{7A9C2C9D-9115-4299-B50B-6E51DBF2B6D4}.Ad-Hoc|ARM.ActiveCfg = Release|Any CPU
		{7A9C2C9D-9115-4299-B50B-6E51DBF2B6D4}.Ad-Hoc|iPhone.ActiveCfg = Release|Any CPU
		{7A9C2C9D-9115-4299-B50B-6E51DBF2B6D4}.Ad-Hoc|iPhoneSimulator.ActiveCfg = Release|Any CPU
		{7A9C2C9D-9115-4299-B50B-6E51DBF2B6D4}.Ad-Hoc|Mixed Platforms.ActiveCfg = Release|Any CPU
		{7A9C2C9D-9115-4299-B50B-6E51DBF2B6D4}.Ad-Hoc|Mixed Platforms.Build.0 = Release|Any CPU
		{7A9C2C9D-9115-4299-B50B-6E51DBF2B6D4}.Ad-Hoc|Mixed Platforms.Deploy.0 = Release|Any CPU
		{7A9C2C9D-9115-4299-B50B-6E51DBF2B6D4}.Ad-Hoc|Win32.ActiveCfg = Debug|Any CPU
		{7A9C2C9D-9115-4299-B50B-6E51DBF2B6D4}.Ad-Hoc|x64.ActiveCfg = Debug|Any CPU
		{7A9C2C9D-9115-4299-B50B-6E51DBF2B6D4}.Ad-Hoc|x86.ActiveCfg = Release|Any CPU
		{7A9C2C9D-9115-4299-B50B-6E51DBF2B6D4}.AppStore|Any CPU.ActiveCfg = Release|Any CPU
		{7A9C2C9D-9115-4299-B50B-6E51DBF2B6D4}.AppStore|Any CPU.Build.0 = Release|Any CPU
		{7A9C2C9D-9115-4299-B50B-6E51DBF2B6D4}.AppStore|Any CPU.Deploy.0 = Release|Any CPU
		{7A9C2C9D-9115-4299-B50B-6E51DBF2B6D4}.AppStore|ARM.ActiveCfg = Release|Any CPU
		{7A9C2C9D-9115-4299-B50B-6E51DBF2B6D4}.AppStore|iPhone.ActiveCfg = Release|Any CPU
		{7A9C2C9D-9115-4299-B50B-6E51DBF2B6D4}.AppStore|iPhoneSimulator.ActiveCfg = Release|Any CPU
		{7A9C2C9D-9115-4299-B50B-6E51DBF2B6D4}.AppStore|Mixed Platforms.ActiveCfg = Release|Any CPU
		{7A9C2C9D-9115-4299-B50B-6E51DBF2B6D4}.AppStore|Mixed Platforms.Build.0 = Release|Any CPU
		{7A9C2C9D-9115-4299-B50B-6E51DBF2B6D4}.AppStore|Mixed Platforms.Deploy.0 = Release|Any CPU
		{7A9C2C9D-9115-4299-B50B-6E51DBF2B6D4}.AppStore|Win32.ActiveCfg = Debug|Any CPU
		{7A9C2C9D-9115-4299-B50B-6E51DBF2B6D4}.AppStore|x64.ActiveCfg = Debug|Any CPU
		{7A9C2C9D-9115-4299-B50B-6E51DBF2B6D4}.AppStore|x86.ActiveCfg = Release|Any CPU
		{7A9C2C9D-9115-4299-B50B-6E51DBF2B6D4}.Debug|Any CPU.ActiveCfg = Debug|Any CPU
		{7A9C2C9D-9115-4299-B50B-6E51DBF2B6D4}.Debug|Any CPU.Build.0 = Debug|Any CPU
		{7A9C2C9D-9115-4299-B50B-6E51DBF2B6D4}.Debug|Any CPU.Deploy.0 = Debug|Any CPU
		{7A9C2C9D-9115-4299-B50B-6E51DBF2B6D4}.Debug|ARM.ActiveCfg = Debug|Any CPU
		{7A9C2C9D-9115-4299-B50B-6E51DBF2B6D4}.Debug|iPhone.ActiveCfg = Debug|Any CPU
		{7A9C2C9D-9115-4299-B50B-6E51DBF2B6D4}.Debug|iPhoneSimulator.ActiveCfg = Debug|Any CPU
		{7A9C2C9D-9115-4299-B50B-6E51DBF2B6D4}.Debug|Mixed Platforms.ActiveCfg = Debug|Any CPU
		{7A9C2C9D-9115-4299-B50B-6E51DBF2B6D4}.Debug|Mixed Platforms.Build.0 = Debug|Any CPU
		{7A9C2C9D-9115-4299-B50B-6E51DBF2B6D4}.Debug|Mixed Platforms.Deploy.0 = Debug|Any CPU
		{7A9C2C9D-9115-4299-B50B-6E51DBF2B6D4}.Debug|Win32.ActiveCfg = Debug|Any CPU
		{7A9C2C9D-9115-4299-B50B-6E51DBF2B6D4}.Debug|x64.ActiveCfg = Debug|Any CPU
		{7A9C2C9D-9115-4299-B50B-6E51DBF2B6D4}.Debug|x86.ActiveCfg = Debug|Any CPU
		{7A9C2C9D-9115-4299-B50B-6E51DBF2B6D4}.Release|Any CPU.ActiveCfg = Release|Any CPU
		{7A9C2C9D-9115-4299-B50B-6E51DBF2B6D4}.Release|Any CPU.Build.0 = Release|Any CPU
		{7A9C2C9D-9115-4299-B50B-6E51DBF2B6D4}.Release|Any CPU.Deploy.0 = Release|Any CPU
		{7A9C2C9D-9115-4299-B50B-6E51DBF2B6D4}.Release|ARM.ActiveCfg = Release|Any CPU
		{7A9C2C9D-9115-4299-B50B-6E51DBF2B6D4}.Release|iPhone.ActiveCfg = Release|Any CPU
		{7A9C2C9D-9115-4299-B50B-6E51DBF2B6D4}.Release|iPhoneSimulator.ActiveCfg = Release|Any CPU
		{7A9C2C9D-9115-4299-B50B-6E51DBF2B6D4}.Release|Mixed Platforms.ActiveCfg = Release|Any CPU
		{7A9C2C9D-9115-4299-B50B-6E51DBF2B6D4}.Release|Mixed Platforms.Build.0 = Release|Any CPU
		{7A9C2C9D-9115-4299-B50B-6E51DBF2B6D4}.Release|Mixed Platforms.Deploy.0 = Release|Any CPU
		{7A9C2C9D-9115-4299-B50B-6E51DBF2B6D4}.Release|Win32.ActiveCfg = Release|Any CPU
		{7A9C2C9D-9115-4299-B50B-6E51DBF2B6D4}.Release|x64.ActiveCfg = Release|Any CPU
		{7A9C2C9D-9115-4299-B50B-6E51DBF2B6D4}.Release|x86.ActiveCfg = Release|Any CPU
		{232C6105-972C-48E0-AAAD-23BEBF2AD9BB}.Ad-Hoc|Any CPU.ActiveCfg = Ad-Hoc|iPhone
		{232C6105-972C-48E0-AAAD-23BEBF2AD9BB}.Ad-Hoc|ARM.ActiveCfg = Ad-Hoc|iPhone
		{232C6105-972C-48E0-AAAD-23BEBF2AD9BB}.Ad-Hoc|iPhone.ActiveCfg = Ad-Hoc|iPhone
		{232C6105-972C-48E0-AAAD-23BEBF2AD9BB}.Ad-Hoc|iPhone.Build.0 = Ad-Hoc|iPhone
		{232C6105-972C-48E0-AAAD-23BEBF2AD9BB}.Ad-Hoc|iPhoneSimulator.ActiveCfg = Ad-Hoc|iPhoneSimulator
		{232C6105-972C-48E0-AAAD-23BEBF2AD9BB}.Ad-Hoc|iPhoneSimulator.Build.0 = Ad-Hoc|iPhoneSimulator
		{232C6105-972C-48E0-AAAD-23BEBF2AD9BB}.Ad-Hoc|Mixed Platforms.ActiveCfg = Ad-Hoc|iPhone
		{232C6105-972C-48E0-AAAD-23BEBF2AD9BB}.Ad-Hoc|Mixed Platforms.Build.0 = Ad-Hoc|iPhone
		{232C6105-972C-48E0-AAAD-23BEBF2AD9BB}.Ad-Hoc|Win32.ActiveCfg = Ad-Hoc|iPhoneSimulator
		{232C6105-972C-48E0-AAAD-23BEBF2AD9BB}.Ad-Hoc|x64.ActiveCfg = Ad-Hoc|iPhoneSimulator
		{232C6105-972C-48E0-AAAD-23BEBF2AD9BB}.Ad-Hoc|x86.ActiveCfg = Ad-Hoc|iPhone
		{232C6105-972C-48E0-AAAD-23BEBF2AD9BB}.AppStore|Any CPU.ActiveCfg = AppStore|iPhone
		{232C6105-972C-48E0-AAAD-23BEBF2AD9BB}.AppStore|ARM.ActiveCfg = AppStore|iPhone
		{232C6105-972C-48E0-AAAD-23BEBF2AD9BB}.AppStore|iPhone.ActiveCfg = AppStore|iPhone
		{232C6105-972C-48E0-AAAD-23BEBF2AD9BB}.AppStore|iPhone.Build.0 = AppStore|iPhone
		{232C6105-972C-48E0-AAAD-23BEBF2AD9BB}.AppStore|iPhoneSimulator.ActiveCfg = AppStore|iPhoneSimulator
		{232C6105-972C-48E0-AAAD-23BEBF2AD9BB}.AppStore|iPhoneSimulator.Build.0 = AppStore|iPhoneSimulator
		{232C6105-972C-48E0-AAAD-23BEBF2AD9BB}.AppStore|Mixed Platforms.ActiveCfg = AppStore|iPhone
		{232C6105-972C-48E0-AAAD-23BEBF2AD9BB}.AppStore|Mixed Platforms.Build.0 = AppStore|iPhone
		{232C6105-972C-48E0-AAAD-23BEBF2AD9BB}.AppStore|Win32.ActiveCfg = AppStore|iPhoneSimulator
		{232C6105-972C-48E0-AAAD-23BEBF2AD9BB}.AppStore|x64.ActiveCfg = AppStore|iPhoneSimulator
		{232C6105-972C-48E0-AAAD-23BEBF2AD9BB}.AppStore|x86.ActiveCfg = AppStore|iPhone
		{232C6105-972C-48E0-AAAD-23BEBF2AD9BB}.Debug|Any CPU.ActiveCfg = Debug|iPhone
		{232C6105-972C-48E0-AAAD-23BEBF2AD9BB}.Debug|ARM.ActiveCfg = Debug|iPhone
		{232C6105-972C-48E0-AAAD-23BEBF2AD9BB}.Debug|iPhone.ActiveCfg = Debug|iPhone
		{232C6105-972C-48E0-AAAD-23BEBF2AD9BB}.Debug|iPhone.Build.0 = Debug|iPhone
		{232C6105-972C-48E0-AAAD-23BEBF2AD9BB}.Debug|iPhoneSimulator.ActiveCfg = Debug|iPhoneSimulator
		{232C6105-972C-48E0-AAAD-23BEBF2AD9BB}.Debug|iPhoneSimulator.Build.0 = Debug|iPhoneSimulator
		{232C6105-972C-48E0-AAAD-23BEBF2AD9BB}.Debug|Mixed Platforms.ActiveCfg = Debug|iPhone
		{232C6105-972C-48E0-AAAD-23BEBF2AD9BB}.Debug|Mixed Platforms.Build.0 = Debug|iPhone
		{232C6105-972C-48E0-AAAD-23BEBF2AD9BB}.Debug|Win32.ActiveCfg = Debug|iPhoneSimulator
		{232C6105-972C-48E0-AAAD-23BEBF2AD9BB}.Debug|x64.ActiveCfg = Debug|iPhoneSimulator
		{232C6105-972C-48E0-AAAD-23BEBF2AD9BB}.Debug|x86.ActiveCfg = Debug|iPhone
		{232C6105-972C-48E0-AAAD-23BEBF2AD9BB}.Release|Any CPU.ActiveCfg = Release|iPhone
		{232C6105-972C-48E0-AAAD-23BEBF2AD9BB}.Release|ARM.ActiveCfg = Release|iPhone
		{232C6105-972C-48E0-AAAD-23BEBF2AD9BB}.Release|iPhone.ActiveCfg = Release|iPhone
		{232C6105-972C-48E0-AAAD-23BEBF2AD9BB}.Release|iPhone.Build.0 = Release|iPhone
		{232C6105-972C-48E0-AAAD-23BEBF2AD9BB}.Release|iPhoneSimulator.ActiveCfg = Release|iPhoneSimulator
		{232C6105-972C-48E0-AAAD-23BEBF2AD9BB}.Release|iPhoneSimulator.Build.0 = Release|iPhoneSimulator
		{232C6105-972C-48E0-AAAD-23BEBF2AD9BB}.Release|Mixed Platforms.ActiveCfg = Release|iPhone
		{232C6105-972C-48E0-AAAD-23BEBF2AD9BB}.Release|Mixed Platforms.Build.0 = Release|iPhone
		{232C6105-972C-48E0-AAAD-23BEBF2AD9BB}.Release|Win32.ActiveCfg = Release|iPhoneSimulator
		{232C6105-972C-48E0-AAAD-23BEBF2AD9BB}.Release|x64.ActiveCfg = Release|iPhoneSimulator
		{232C6105-972C-48E0-AAAD-23BEBF2AD9BB}.Release|x86.ActiveCfg = Release|iPhone
		{57EE83A0-74D9-4E38-97E7-DA8FACCB63F4}.Ad-Hoc|Any CPU.ActiveCfg = Release|Any CPU
		{57EE83A0-74D9-4E38-97E7-DA8FACCB63F4}.Ad-Hoc|Any CPU.Build.0 = Release|Any CPU
		{57EE83A0-74D9-4E38-97E7-DA8FACCB63F4}.Ad-Hoc|Any CPU.Deploy.0 = Release|Any CPU
		{57EE83A0-74D9-4E38-97E7-DA8FACCB63F4}.Ad-Hoc|ARM.ActiveCfg = Release|ARM
		{57EE83A0-74D9-4E38-97E7-DA8FACCB63F4}.Ad-Hoc|ARM.Build.0 = Release|ARM
		{57EE83A0-74D9-4E38-97E7-DA8FACCB63F4}.Ad-Hoc|ARM.Deploy.0 = Release|ARM
		{57EE83A0-74D9-4E38-97E7-DA8FACCB63F4}.Ad-Hoc|iPhone.ActiveCfg = Release|Any CPU
		{57EE83A0-74D9-4E38-97E7-DA8FACCB63F4}.Ad-Hoc|iPhoneSimulator.ActiveCfg = Release|Any CPU
		{57EE83A0-74D9-4E38-97E7-DA8FACCB63F4}.Ad-Hoc|Mixed Platforms.ActiveCfg = Release|x86
		{57EE83A0-74D9-4E38-97E7-DA8FACCB63F4}.Ad-Hoc|Mixed Platforms.Build.0 = Release|x86
		{57EE83A0-74D9-4E38-97E7-DA8FACCB63F4}.Ad-Hoc|Mixed Platforms.Deploy.0 = Release|x86
		{57EE83A0-74D9-4E38-97E7-DA8FACCB63F4}.Ad-Hoc|Win32.ActiveCfg = Debug|x86
		{57EE83A0-74D9-4E38-97E7-DA8FACCB63F4}.Ad-Hoc|x64.ActiveCfg = Debug|Any CPU
		{57EE83A0-74D9-4E38-97E7-DA8FACCB63F4}.Ad-Hoc|x86.ActiveCfg = Release|x86
		{57EE83A0-74D9-4E38-97E7-DA8FACCB63F4}.Ad-Hoc|x86.Build.0 = Release|x86
		{57EE83A0-74D9-4E38-97E7-DA8FACCB63F4}.Ad-Hoc|x86.Deploy.0 = Release|x86
		{57EE83A0-74D9-4E38-97E7-DA8FACCB63F4}.AppStore|Any CPU.ActiveCfg = Release|Any CPU
		{57EE83A0-74D9-4E38-97E7-DA8FACCB63F4}.AppStore|Any CPU.Build.0 = Release|Any CPU
		{57EE83A0-74D9-4E38-97E7-DA8FACCB63F4}.AppStore|Any CPU.Deploy.0 = Release|Any CPU
		{57EE83A0-74D9-4E38-97E7-DA8FACCB63F4}.AppStore|ARM.ActiveCfg = Release|ARM
		{57EE83A0-74D9-4E38-97E7-DA8FACCB63F4}.AppStore|ARM.Build.0 = Release|ARM
		{57EE83A0-74D9-4E38-97E7-DA8FACCB63F4}.AppStore|ARM.Deploy.0 = Release|ARM
		{57EE83A0-74D9-4E38-97E7-DA8FACCB63F4}.AppStore|iPhone.ActiveCfg = Release|Any CPU
		{57EE83A0-74D9-4E38-97E7-DA8FACCB63F4}.AppStore|iPhoneSimulator.ActiveCfg = Release|Any CPU
		{57EE83A0-74D9-4E38-97E7-DA8FACCB63F4}.AppStore|Mixed Platforms.ActiveCfg = Release|x86
		{57EE83A0-74D9-4E38-97E7-DA8FACCB63F4}.AppStore|Mixed Platforms.Build.0 = Release|x86
		{57EE83A0-74D9-4E38-97E7-DA8FACCB63F4}.AppStore|Mixed Platforms.Deploy.0 = Release|x86
		{57EE83A0-74D9-4E38-97E7-DA8FACCB63F4}.AppStore|Win32.ActiveCfg = Debug|x86
		{57EE83A0-74D9-4E38-97E7-DA8FACCB63F4}.AppStore|x64.ActiveCfg = Debug|Any CPU
		{57EE83A0-74D9-4E38-97E7-DA8FACCB63F4}.AppStore|x86.ActiveCfg = Release|x86
		{57EE83A0-74D9-4E38-97E7-DA8FACCB63F4}.AppStore|x86.Build.0 = Release|x86
		{57EE83A0-74D9-4E38-97E7-DA8FACCB63F4}.AppStore|x86.Deploy.0 = Release|x86
		{57EE83A0-74D9-4E38-97E7-DA8FACCB63F4}.Debug|Any CPU.ActiveCfg = Debug|Any CPU
		{57EE83A0-74D9-4E38-97E7-DA8FACCB63F4}.Debug|Any CPU.Build.0 = Debug|Any CPU
		{57EE83A0-74D9-4E38-97E7-DA8FACCB63F4}.Debug|Any CPU.Deploy.0 = Debug|Any CPU
		{57EE83A0-74D9-4E38-97E7-DA8FACCB63F4}.Debug|ARM.ActiveCfg = Debug|ARM
		{57EE83A0-74D9-4E38-97E7-DA8FACCB63F4}.Debug|ARM.Build.0 = Debug|ARM
		{57EE83A0-74D9-4E38-97E7-DA8FACCB63F4}.Debug|ARM.Deploy.0 = Debug|ARM
		{57EE83A0-74D9-4E38-97E7-DA8FACCB63F4}.Debug|iPhone.ActiveCfg = Debug|Any CPU
		{57EE83A0-74D9-4E38-97E7-DA8FACCB63F4}.Debug|iPhoneSimulator.ActiveCfg = Debug|Any CPU
		{57EE83A0-74D9-4E38-97E7-DA8FACCB63F4}.Debug|Mixed Platforms.ActiveCfg = Debug|x86
		{57EE83A0-74D9-4E38-97E7-DA8FACCB63F4}.Debug|Mixed Platforms.Build.0 = Debug|x86
		{57EE83A0-74D9-4E38-97E7-DA8FACCB63F4}.Debug|Mixed Platforms.Deploy.0 = Debug|x86
		{57EE83A0-74D9-4E38-97E7-DA8FACCB63F4}.Debug|Win32.ActiveCfg = Debug|x86
		{57EE83A0-74D9-4E38-97E7-DA8FACCB63F4}.Debug|x64.ActiveCfg = Debug|Any CPU
		{57EE83A0-74D9-4E38-97E7-DA8FACCB63F4}.Debug|x86.ActiveCfg = Debug|x86
		{57EE83A0-74D9-4E38-97E7-DA8FACCB63F4}.Debug|x86.Build.0 = Debug|x86
		{57EE83A0-74D9-4E38-97E7-DA8FACCB63F4}.Debug|x86.Deploy.0 = Debug|x86
		{57EE83A0-74D9-4E38-97E7-DA8FACCB63F4}.Release|Any CPU.ActiveCfg = Release|Any CPU
		{57EE83A0-74D9-4E38-97E7-DA8FACCB63F4}.Release|Any CPU.Build.0 = Release|Any CPU
		{57EE83A0-74D9-4E38-97E7-DA8FACCB63F4}.Release|Any CPU.Deploy.0 = Release|Any CPU
		{57EE83A0-74D9-4E38-97E7-DA8FACCB63F4}.Release|ARM.ActiveCfg = Release|ARM
		{57EE83A0-74D9-4E38-97E7-DA8FACCB63F4}.Release|ARM.Build.0 = Release|ARM
		{57EE83A0-74D9-4E38-97E7-DA8FACCB63F4}.Release|ARM.Deploy.0 = Release|ARM
		{57EE83A0-74D9-4E38-97E7-DA8FACCB63F4}.Release|iPhone.ActiveCfg = Release|Any CPU
		{57EE83A0-74D9-4E38-97E7-DA8FACCB63F4}.Release|iPhoneSimulator.ActiveCfg = Release|Any CPU
		{57EE83A0-74D9-4E38-97E7-DA8FACCB63F4}.Release|Mixed Platforms.ActiveCfg = Release|x86
		{57EE83A0-74D9-4E38-97E7-DA8FACCB63F4}.Release|Mixed Platforms.Build.0 = Release|x86
		{57EE83A0-74D9-4E38-97E7-DA8FACCB63F4}.Release|Mixed Platforms.Deploy.0 = Release|x86
		{57EE83A0-74D9-4E38-97E7-DA8FACCB63F4}.Release|Win32.ActiveCfg = Release|x86
		{57EE83A0-74D9-4E38-97E7-DA8FACCB63F4}.Release|x64.ActiveCfg = Release|Any CPU
		{57EE83A0-74D9-4E38-97E7-DA8FACCB63F4}.Release|x86.ActiveCfg = Release|x86
		{57EE83A0-74D9-4E38-97E7-DA8FACCB63F4}.Release|x86.Build.0 = Release|x86
		{57EE83A0-74D9-4E38-97E7-DA8FACCB63F4}.Release|x86.Deploy.0 = Release|x86
		{362A2203-3545-4A28-B62F-2BF545575E54}.Ad-Hoc|Any CPU.ActiveCfg = Release|Any CPU
		{362A2203-3545-4A28-B62F-2BF545575E54}.Ad-Hoc|Any CPU.Build.0 = Release|Any CPU
		{362A2203-3545-4A28-B62F-2BF545575E54}.Ad-Hoc|ARM.ActiveCfg = Release|Any CPU
		{362A2203-3545-4A28-B62F-2BF545575E54}.Ad-Hoc|iPhone.ActiveCfg = Release|Any CPU
		{362A2203-3545-4A28-B62F-2BF545575E54}.Ad-Hoc|iPhone.Build.0 = Release|Any CPU
		{362A2203-3545-4A28-B62F-2BF545575E54}.Ad-Hoc|iPhoneSimulator.ActiveCfg = Release|Any CPU
		{362A2203-3545-4A28-B62F-2BF545575E54}.Ad-Hoc|iPhoneSimulator.Build.0 = Release|Any CPU
		{362A2203-3545-4A28-B62F-2BF545575E54}.Ad-Hoc|Mixed Platforms.ActiveCfg = Release|Any CPU
		{362A2203-3545-4A28-B62F-2BF545575E54}.Ad-Hoc|Mixed Platforms.Build.0 = Release|Any CPU
		{362A2203-3545-4A28-B62F-2BF545575E54}.Ad-Hoc|Win32.ActiveCfg = Debug|Any CPU
		{362A2203-3545-4A28-B62F-2BF545575E54}.Ad-Hoc|x64.ActiveCfg = Debug|Any CPU
		{362A2203-3545-4A28-B62F-2BF545575E54}.Ad-Hoc|x86.ActiveCfg = Release|Any CPU
		{362A2203-3545-4A28-B62F-2BF545575E54}.AppStore|Any CPU.ActiveCfg = Release|Any CPU
		{362A2203-3545-4A28-B62F-2BF545575E54}.AppStore|Any CPU.Build.0 = Release|Any CPU
		{362A2203-3545-4A28-B62F-2BF545575E54}.AppStore|ARM.ActiveCfg = Release|Any CPU
		{362A2203-3545-4A28-B62F-2BF545575E54}.AppStore|iPhone.ActiveCfg = Release|Any CPU
		{362A2203-3545-4A28-B62F-2BF545575E54}.AppStore|iPhone.Build.0 = Release|Any CPU
		{362A2203-3545-4A28-B62F-2BF545575E54}.AppStore|iPhoneSimulator.ActiveCfg = Release|Any CPU
		{362A2203-3545-4A28-B62F-2BF545575E54}.AppStore|iPhoneSimulator.Build.0 = Release|Any CPU
		{362A2203-3545-4A28-B62F-2BF545575E54}.AppStore|Mixed Platforms.ActiveCfg = Release|Any CPU
		{362A2203-3545-4A28-B62F-2BF545575E54}.AppStore|Mixed Platforms.Build.0 = Release|Any CPU
		{362A2203-3545-4A28-B62F-2BF545575E54}.AppStore|Win32.ActiveCfg = Debug|Any CPU
		{362A2203-3545-4A28-B62F-2BF545575E54}.AppStore|x64.ActiveCfg = Debug|Any CPU
		{362A2203-3545-4A28-B62F-2BF545575E54}.AppStore|x86.ActiveCfg = Release|Any CPU
		{362A2203-3545-4A28-B62F-2BF545575E54}.Debug|Any CPU.ActiveCfg = Debug|Any CPU
		{362A2203-3545-4A28-B62F-2BF545575E54}.Debug|Any CPU.Build.0 = Debug|Any CPU
		{362A2203-3545-4A28-B62F-2BF545575E54}.Debug|ARM.ActiveCfg = Debug|Any CPU
		{362A2203-3545-4A28-B62F-2BF545575E54}.Debug|iPhone.ActiveCfg = Debug|Any CPU
		{362A2203-3545-4A28-B62F-2BF545575E54}.Debug|iPhone.Build.0 = Debug|Any CPU
		{362A2203-3545-4A28-B62F-2BF545575E54}.Debug|iPhoneSimulator.ActiveCfg = Debug|Any CPU
		{362A2203-3545-4A28-B62F-2BF545575E54}.Debug|iPhoneSimulator.Build.0 = Debug|Any CPU
		{362A2203-3545-4A28-B62F-2BF545575E54}.Debug|Mixed Platforms.ActiveCfg = Debug|Any CPU
		{362A2203-3545-4A28-B62F-2BF545575E54}.Debug|Mixed Platforms.Build.0 = Debug|Any CPU
		{362A2203-3545-4A28-B62F-2BF545575E54}.Debug|Win32.ActiveCfg = Debug|Any CPU
		{362A2203-3545-4A28-B62F-2BF545575E54}.Debug|x64.ActiveCfg = Debug|Any CPU
		{362A2203-3545-4A28-B62F-2BF545575E54}.Debug|x86.ActiveCfg = Debug|Any CPU
		{362A2203-3545-4A28-B62F-2BF545575E54}.Release|Any CPU.ActiveCfg = Release|Any CPU
		{362A2203-3545-4A28-B62F-2BF545575E54}.Release|Any CPU.Build.0 = Release|Any CPU
		{362A2203-3545-4A28-B62F-2BF545575E54}.Release|ARM.ActiveCfg = Release|Any CPU
		{362A2203-3545-4A28-B62F-2BF545575E54}.Release|iPhone.ActiveCfg = Release|Any CPU
		{362A2203-3545-4A28-B62F-2BF545575E54}.Release|iPhone.Build.0 = Release|Any CPU
		{362A2203-3545-4A28-B62F-2BF545575E54}.Release|iPhoneSimulator.ActiveCfg = Release|Any CPU
		{362A2203-3545-4A28-B62F-2BF545575E54}.Release|iPhoneSimulator.Build.0 = Release|Any CPU
		{362A2203-3545-4A28-B62F-2BF545575E54}.Release|Mixed Platforms.ActiveCfg = Release|Any CPU
		{362A2203-3545-4A28-B62F-2BF545575E54}.Release|Mixed Platforms.Build.0 = Release|Any CPU
		{362A2203-3545-4A28-B62F-2BF545575E54}.Release|Win32.ActiveCfg = Release|Any CPU
		{362A2203-3545-4A28-B62F-2BF545575E54}.Release|x64.ActiveCfg = Release|Any CPU
		{362A2203-3545-4A28-B62F-2BF545575E54}.Release|x86.ActiveCfg = Release|Any CPU
		{20294500-6A21-4F44-9E48-45EE33FAD441}.Ad-Hoc|Any CPU.ActiveCfg = Release|Any CPU
		{20294500-6A21-4F44-9E48-45EE33FAD441}.Ad-Hoc|Any CPU.Build.0 = Release|Any CPU
		{20294500-6A21-4F44-9E48-45EE33FAD441}.Ad-Hoc|ARM.ActiveCfg = Release|Any CPU
		{20294500-6A21-4F44-9E48-45EE33FAD441}.Ad-Hoc|iPhone.ActiveCfg = Release|Any CPU
		{20294500-6A21-4F44-9E48-45EE33FAD441}.Ad-Hoc|iPhoneSimulator.ActiveCfg = Release|Any CPU
		{20294500-6A21-4F44-9E48-45EE33FAD441}.Ad-Hoc|Mixed Platforms.ActiveCfg = Release|Any CPU
		{20294500-6A21-4F44-9E48-45EE33FAD441}.Ad-Hoc|Mixed Platforms.Build.0 = Release|Any CPU
		{20294500-6A21-4F44-9E48-45EE33FAD441}.Ad-Hoc|Win32.ActiveCfg = Debug|Any CPU
		{20294500-6A21-4F44-9E48-45EE33FAD441}.Ad-Hoc|x64.ActiveCfg = Debug|Any CPU
		{20294500-6A21-4F44-9E48-45EE33FAD441}.Ad-Hoc|x86.ActiveCfg = Release|Any CPU
		{20294500-6A21-4F44-9E48-45EE33FAD441}.AppStore|Any CPU.ActiveCfg = Release|Any CPU
		{20294500-6A21-4F44-9E48-45EE33FAD441}.AppStore|Any CPU.Build.0 = Release|Any CPU
		{20294500-6A21-4F44-9E48-45EE33FAD441}.AppStore|ARM.ActiveCfg = Release|Any CPU
		{20294500-6A21-4F44-9E48-45EE33FAD441}.AppStore|iPhone.ActiveCfg = Release|Any CPU
		{20294500-6A21-4F44-9E48-45EE33FAD441}.AppStore|iPhoneSimulator.ActiveCfg = Release|Any CPU
		{20294500-6A21-4F44-9E48-45EE33FAD441}.AppStore|Mixed Platforms.ActiveCfg = Release|Any CPU
		{20294500-6A21-4F44-9E48-45EE33FAD441}.AppStore|Mixed Platforms.Build.0 = Release|Any CPU
		{20294500-6A21-4F44-9E48-45EE33FAD441}.AppStore|Win32.ActiveCfg = Debug|Any CPU
		{20294500-6A21-4F44-9E48-45EE33FAD441}.AppStore|x64.ActiveCfg = Debug|Any CPU
		{20294500-6A21-4F44-9E48-45EE33FAD441}.AppStore|x86.ActiveCfg = Release|Any CPU
		{20294500-6A21-4F44-9E48-45EE33FAD441}.Debug|Any CPU.ActiveCfg = Debug|Any CPU
		{20294500-6A21-4F44-9E48-45EE33FAD441}.Debug|Any CPU.Build.0 = Debug|Any CPU
		{20294500-6A21-4F44-9E48-45EE33FAD441}.Debug|ARM.ActiveCfg = Debug|Any CPU
		{20294500-6A21-4F44-9E48-45EE33FAD441}.Debug|iPhone.ActiveCfg = Debug|Any CPU
		{20294500-6A21-4F44-9E48-45EE33FAD441}.Debug|iPhoneSimulator.ActiveCfg = Debug|Any CPU
		{20294500-6A21-4F44-9E48-45EE33FAD441}.Debug|Mixed Platforms.ActiveCfg = Debug|Any CPU
		{20294500-6A21-4F44-9E48-45EE33FAD441}.Debug|Mixed Platforms.Build.0 = Debug|Any CPU
		{20294500-6A21-4F44-9E48-45EE33FAD441}.Debug|Win32.ActiveCfg = Debug|Any CPU
		{20294500-6A21-4F44-9E48-45EE33FAD441}.Debug|x64.ActiveCfg = Debug|Any CPU
		{20294500-6A21-4F44-9E48-45EE33FAD441}.Debug|x86.ActiveCfg = Debug|Any CPU
		{20294500-6A21-4F44-9E48-45EE33FAD441}.Release|Any CPU.ActiveCfg = Release|Any CPU
		{20294500-6A21-4F44-9E48-45EE33FAD441}.Release|Any CPU.Build.0 = Release|Any CPU
		{20294500-6A21-4F44-9E48-45EE33FAD441}.Release|ARM.ActiveCfg = Release|Any CPU
		{20294500-6A21-4F44-9E48-45EE33FAD441}.Release|iPhone.ActiveCfg = Release|Any CPU
		{20294500-6A21-4F44-9E48-45EE33FAD441}.Release|iPhoneSimulator.ActiveCfg = Release|Any CPU
		{20294500-6A21-4F44-9E48-45EE33FAD441}.Release|Mixed Platforms.ActiveCfg = Release|Any CPU
		{20294500-6A21-4F44-9E48-45EE33FAD441}.Release|Mixed Platforms.Build.0 = Release|Any CPU
		{20294500-6A21-4F44-9E48-45EE33FAD441}.Release|Win32.ActiveCfg = Release|Any CPU
		{20294500-6A21-4F44-9E48-45EE33FAD441}.Release|x64.ActiveCfg = Release|Any CPU
		{20294500-6A21-4F44-9E48-45EE33FAD441}.Release|x86.ActiveCfg = Release|Any CPU
		{879FEC48-2DF1-4DD4-BFE4-8FD1972827A1}.Ad-Hoc|Any CPU.ActiveCfg = Release|Win32
		{879FEC48-2DF1-4DD4-BFE4-8FD1972827A1}.Ad-Hoc|ARM.ActiveCfg = Release|Win32
		{879FEC48-2DF1-4DD4-BFE4-8FD1972827A1}.Ad-Hoc|iPhone.ActiveCfg = Release|Win32
		{879FEC48-2DF1-4DD4-BFE4-8FD1972827A1}.Ad-Hoc|iPhoneSimulator.ActiveCfg = Release|Win32
		{879FEC48-2DF1-4DD4-BFE4-8FD1972827A1}.Ad-Hoc|Mixed Platforms.ActiveCfg = Release|Win32
		{879FEC48-2DF1-4DD4-BFE4-8FD1972827A1}.Ad-Hoc|Mixed Platforms.Build.0 = Release|Win32
		{879FEC48-2DF1-4DD4-BFE4-8FD1972827A1}.Ad-Hoc|Win32.ActiveCfg = Release|Win32
		{879FEC48-2DF1-4DD4-BFE4-8FD1972827A1}.Ad-Hoc|Win32.Build.0 = Release|Win32
		{879FEC48-2DF1-4DD4-BFE4-8FD1972827A1}.Ad-Hoc|x64.ActiveCfg = Release|Win32
		{879FEC48-2DF1-4DD4-BFE4-8FD1972827A1}.Ad-Hoc|x86.ActiveCfg = Release|Win32
		{879FEC48-2DF1-4DD4-BFE4-8FD1972827A1}.Ad-Hoc|x86.Build.0 = Release|Win32
		{879FEC48-2DF1-4DD4-BFE4-8FD1972827A1}.AppStore|Any CPU.ActiveCfg = Release|Win32
		{879FEC48-2DF1-4DD4-BFE4-8FD1972827A1}.AppStore|ARM.ActiveCfg = Release|Win32
		{879FEC48-2DF1-4DD4-BFE4-8FD1972827A1}.AppStore|iPhone.ActiveCfg = Release|Win32
		{879FEC48-2DF1-4DD4-BFE4-8FD1972827A1}.AppStore|iPhoneSimulator.ActiveCfg = Release|Win32
		{879FEC48-2DF1-4DD4-BFE4-8FD1972827A1}.AppStore|Mixed Platforms.ActiveCfg = Release|Win32
		{879FEC48-2DF1-4DD4-BFE4-8FD1972827A1}.AppStore|Mixed Platforms.Build.0 = Release|Win32
		{879FEC48-2DF1-4DD4-BFE4-8FD1972827A1}.AppStore|Win32.ActiveCfg = Release|Win32
		{879FEC48-2DF1-4DD4-BFE4-8FD1972827A1}.AppStore|Win32.Build.0 = Release|Win32
		{879FEC48-2DF1-4DD4-BFE4-8FD1972827A1}.AppStore|x64.ActiveCfg = Release|Win32
		{879FEC48-2DF1-4DD4-BFE4-8FD1972827A1}.AppStore|x86.ActiveCfg = Release|Win32
		{879FEC48-2DF1-4DD4-BFE4-8FD1972827A1}.AppStore|x86.Build.0 = Release|Win32
		{879FEC48-2DF1-4DD4-BFE4-8FD1972827A1}.Debug|Any CPU.ActiveCfg = Debug|Win32
		{879FEC48-2DF1-4DD4-BFE4-8FD1972827A1}.Debug|ARM.ActiveCfg = Debug|Win32
		{879FEC48-2DF1-4DD4-BFE4-8FD1972827A1}.Debug|iPhone.ActiveCfg = Debug|Win32
		{879FEC48-2DF1-4DD4-BFE4-8FD1972827A1}.Debug|iPhoneSimulator.ActiveCfg = Debug|Win32
		{879FEC48-2DF1-4DD4-BFE4-8FD1972827A1}.Debug|Mixed Platforms.ActiveCfg = Debug|Win32
		{879FEC48-2DF1-4DD4-BFE4-8FD1972827A1}.Debug|Mixed Platforms.Build.0 = Debug|Win32
		{879FEC48-2DF1-4DD4-BFE4-8FD1972827A1}.Debug|Win32.ActiveCfg = Debug|Win32
		{879FEC48-2DF1-4DD4-BFE4-8FD1972827A1}.Debug|Win32.Build.0 = Debug|Win32
		{879FEC48-2DF1-4DD4-BFE4-8FD1972827A1}.Debug|x64.ActiveCfg = Debug|Win32
		{879FEC48-2DF1-4DD4-BFE4-8FD1972827A1}.Debug|x86.ActiveCfg = Debug|Win32
		{879FEC48-2DF1-4DD4-BFE4-8FD1972827A1}.Debug|x86.Build.0 = Debug|Win32
		{879FEC48-2DF1-4DD4-BFE4-8FD1972827A1}.Release|Any CPU.ActiveCfg = Release|Win32
		{879FEC48-2DF1-4DD4-BFE4-8FD1972827A1}.Release|ARM.ActiveCfg = Release|Win32
		{879FEC48-2DF1-4DD4-BFE4-8FD1972827A1}.Release|iPhone.ActiveCfg = Release|Win32
		{879FEC48-2DF1-4DD4-BFE4-8FD1972827A1}.Release|iPhoneSimulator.ActiveCfg = Release|Win32
		{879FEC48-2DF1-4DD4-BFE4-8FD1972827A1}.Release|Mixed Platforms.ActiveCfg = Release|Win32
		{879FEC48-2DF1-4DD4-BFE4-8FD1972827A1}.Release|Mixed Platforms.Build.0 = Release|Win32
		{879FEC48-2DF1-4DD4-BFE4-8FD1972827A1}.Release|Win32.ActiveCfg = Release|Win32
		{879FEC48-2DF1-4DD4-BFE4-8FD1972827A1}.Release|Win32.Build.0 = Release|Win32
		{879FEC48-2DF1-4DD4-BFE4-8FD1972827A1}.Release|x64.ActiveCfg = Release|Win32
		{879FEC48-2DF1-4DD4-BFE4-8FD1972827A1}.Release|x86.ActiveCfg = Release|Win32
		{879FEC48-2DF1-4DD4-BFE4-8FD1972827A1}.Release|x86.Build.0 = Release|Win32
		{0246682E-98C8-47B2-9E30-E8953C9915D1}.Ad-Hoc|Any CPU.ActiveCfg = Release|Any CPU
		{0246682E-98C8-47B2-9E30-E8953C9915D1}.Ad-Hoc|Any CPU.Build.0 = Release|Any CPU
		{0246682E-98C8-47B2-9E30-E8953C9915D1}.Ad-Hoc|ARM.ActiveCfg = Release|Any CPU
		{0246682E-98C8-47B2-9E30-E8953C9915D1}.Ad-Hoc|iPhone.ActiveCfg = Release|Any CPU
		{0246682E-98C8-47B2-9E30-E8953C9915D1}.Ad-Hoc|iPhoneSimulator.ActiveCfg = Release|Any CPU
		{0246682E-98C8-47B2-9E30-E8953C9915D1}.Ad-Hoc|Mixed Platforms.ActiveCfg = Release|Any CPU
		{0246682E-98C8-47B2-9E30-E8953C9915D1}.Ad-Hoc|Mixed Platforms.Build.0 = Release|Any CPU
		{0246682E-98C8-47B2-9E30-E8953C9915D1}.Ad-Hoc|Win32.ActiveCfg = Release|Any CPU
		{0246682E-98C8-47B2-9E30-E8953C9915D1}.Ad-Hoc|x64.ActiveCfg = Release|Any CPU
		{0246682E-98C8-47B2-9E30-E8953C9915D1}.Ad-Hoc|x86.ActiveCfg = Release|Any CPU
		{0246682E-98C8-47B2-9E30-E8953C9915D1}.AppStore|Any CPU.ActiveCfg = Release|Any CPU
		{0246682E-98C8-47B2-9E30-E8953C9915D1}.AppStore|Any CPU.Build.0 = Release|Any CPU
		{0246682E-98C8-47B2-9E30-E8953C9915D1}.AppStore|ARM.ActiveCfg = Release|Any CPU
		{0246682E-98C8-47B2-9E30-E8953C9915D1}.AppStore|iPhone.ActiveCfg = Release|Any CPU
		{0246682E-98C8-47B2-9E30-E8953C9915D1}.AppStore|iPhoneSimulator.ActiveCfg = Release|Any CPU
		{0246682E-98C8-47B2-9E30-E8953C9915D1}.AppStore|Mixed Platforms.ActiveCfg = Release|Any CPU
		{0246682E-98C8-47B2-9E30-E8953C9915D1}.AppStore|Mixed Platforms.Build.0 = Release|Any CPU
		{0246682E-98C8-47B2-9E30-E8953C9915D1}.AppStore|Win32.ActiveCfg = Release|Any CPU
		{0246682E-98C8-47B2-9E30-E8953C9915D1}.AppStore|x64.ActiveCfg = Release|Any CPU
		{0246682E-98C8-47B2-9E30-E8953C9915D1}.AppStore|x86.ActiveCfg = Release|Any CPU
		{0246682E-98C8-47B2-9E30-E8953C9915D1}.Debug|Any CPU.ActiveCfg = Debug|Any CPU
		{0246682E-98C8-47B2-9E30-E8953C9915D1}.Debug|Any CPU.Build.0 = Debug|Any CPU
		{0246682E-98C8-47B2-9E30-E8953C9915D1}.Debug|ARM.ActiveCfg = Debug|Any CPU
		{0246682E-98C8-47B2-9E30-E8953C9915D1}.Debug|iPhone.ActiveCfg = Debug|Any CPU
		{0246682E-98C8-47B2-9E30-E8953C9915D1}.Debug|iPhoneSimulator.ActiveCfg = Debug|Any CPU
		{0246682E-98C8-47B2-9E30-E8953C9915D1}.Debug|Mixed Platforms.ActiveCfg = Debug|Any CPU
		{0246682E-98C8-47B2-9E30-E8953C9915D1}.Debug|Mixed Platforms.Build.0 = Debug|Any CPU
		{0246682E-98C8-47B2-9E30-E8953C9915D1}.Debug|Win32.ActiveCfg = Debug|Any CPU
		{0246682E-98C8-47B2-9E30-E8953C9915D1}.Debug|x64.ActiveCfg = Debug|Any CPU
		{0246682E-98C8-47B2-9E30-E8953C9915D1}.Debug|x86.ActiveCfg = Debug|Any CPU
		{0246682E-98C8-47B2-9E30-E8953C9915D1}.Release|Any CPU.ActiveCfg = Release|Any CPU
		{0246682E-98C8-47B2-9E30-E8953C9915D1}.Release|Any CPU.Build.0 = Release|Any CPU
		{0246682E-98C8-47B2-9E30-E8953C9915D1}.Release|ARM.ActiveCfg = Release|Any CPU
		{0246682E-98C8-47B2-9E30-E8953C9915D1}.Release|iPhone.ActiveCfg = Release|Any CPU
		{0246682E-98C8-47B2-9E30-E8953C9915D1}.Release|iPhoneSimulator.ActiveCfg = Release|Any CPU
		{0246682E-98C8-47B2-9E30-E8953C9915D1}.Release|Mixed Platforms.ActiveCfg = Release|Any CPU
		{0246682E-98C8-47B2-9E30-E8953C9915D1}.Release|Mixed Platforms.Build.0 = Release|Any CPU
		{0246682E-98C8-47B2-9E30-E8953C9915D1}.Release|Win32.ActiveCfg = Release|Any CPU
		{0246682E-98C8-47B2-9E30-E8953C9915D1}.Release|x64.ActiveCfg = Release|Any CPU
		{0246682E-98C8-47B2-9E30-E8953C9915D1}.Release|x86.ActiveCfg = Release|Any CPU
	EndGlobalSection
	GlobalSection(SolutionProperties) = preSolution
		HideSolutionNode = FALSE
	EndGlobalSection
	GlobalSection(NestedProjects) = preSolution
		{7A9C2C9D-9115-4299-B50B-6E51DBF2B6D4} = {761658ED-38BD-4A55-9EA3-4A8C775EB420}
		{232C6105-972C-48E0-AAAD-23BEBF2AD9BB} = {761658ED-38BD-4A55-9EA3-4A8C775EB420}
		{57EE83A0-74D9-4E38-97E7-DA8FACCB63F4} = {761658ED-38BD-4A55-9EA3-4A8C775EB420}
		{362A2203-3545-4A28-B62F-2BF545575E54} = {761658ED-38BD-4A55-9EA3-4A8C775EB420}
		{20294500-6A21-4F44-9E48-45EE33FAD441} = {CDCD193C-636F-4D51-A9AF-E4ACF518E924}
		{879FEC48-2DF1-4DD4-BFE4-8FD1972827A1} = {06869877-C3CF-40B8-8283-5A47DEB69BCD}
		{0246682E-98C8-47B2-9E30-E8953C9915D1} = {06869877-C3CF-40B8-8283-5A47DEB69BCD}
	EndGlobalSection
EndGlobal
